Microsoft Visual Studio Solution File, Format Version 12.00
# Visual Studio Version 17
VisualStudioVersion = 17.5.2.0
MinimumVisualStudioVersion = 10.0.40219.1
Project("{FAE04EC0-301F-11D3-BF4B-00C04F79EFBC}") = "az305-api", "az305-api.csproj", "{AEC00F9A-8FB0-CE38-4FAB-BCF7FEB41620}"
EndProject
Global
	GlobalSection(SolutionConfigurationPlatforms) = preSolution
		Debug|Any CPU = Debug|Any CPU
		Release|Any CPU = Release|Any CPU
	EndGlobalSection
	GlobalSection(ProjectConfigurationPlatforms) = postSolution
		{AEC00F9A-8FB0-CE38-4FAB-BCF7FEB41620}.Debug|Any CPU.ActiveCfg = Debug|Any CPU
		{AEC00F9A-8FB0-CE38-4FAB-BCF7FEB41620}.Debug|Any CPU.Build.0 = Debug|Any CPU
		{AEC00F9A-8FB0-CE38-4FAB-BCF7FEB41620}.Release|Any CPU.ActiveCfg = Release|Any CPU
		{AEC00F9A-8FB0-CE38-4FAB-BCF7FEB41620}.Release|Any CPU.Build.0 = Release|Any CPU
	EndGlobalSection
	GlobalSection(SolutionProperties) = preSolution
		HideSolutionNode = FALSE
	EndGlobalSection
	GlobalSection(ExtensibilityGlobals) = postSolution
		SolutionGuid = {D7B2479C-C2CB-4D54-85FA-80B2E2B66319}
	EndGlobalSection
EndGlobal
